
Microsoft Visual Studio Solution File, Format Version 12.00
# Visual Studio Version 17
VisualStudioVersion = 17.5.33424.131
MinimumVisualStudioVersion = 10.0.40219.1
Project("{8BC9CEB8-8B4A-11D0-8D11-00A0C91BC942}") = "MT3_00_02_basic", "MT3_00_02_basic.vcxproj", "{DC00F0B1-9931-4EBE-AD71-E936ABABE789}"
EndProject
Project("{2150E333-8FDC-42A3-9474-1A3956D46DE8}") = "ソリューション項目", "ソリューション項目", "{B9C933B9-4F4F-467B-8B3F-4BA31C9A6638}"
	ProjectSection(SolutionItems) = preProject
		.editorconfig = .editorconfig
	EndProjectSection
EndProject
Global
	GlobalSection(SolutionConfigurationPlatforms) = preSolution
		Debug|x64 = Debug|x64
		Release|x64 = Release|x64
	EndGlobalSection
	GlobalSection(ProjectConfigurationPlatforms) = postSolution
		{DC00F0B1-9931-4EBE-AD71-E936ABABE789}.Debug|x64.ActiveCfg = Debug|x64
		{DC00F0B1-9931-4EBE-AD71-E936ABABE789}.Debug|x64.Build.0 = Debug|x64
		{DC00F0B1-9931-4EBE-AD71-E936ABABE789}.Release|x64.ActiveCfg = Release|x64
		{DC00F0B1-9931-4EBE-AD71-E936ABABE789}.Release|x64.Build.0 = Release|x64
	EndGlobalSection
	GlobalSection(SolutionProperties) = preSolution
		HideSolutionNode = FALSE
	EndGlobalSection
	GlobalSection(ExtensibilityGlobals) = postSolution
		SolutionGuid = {D2A2292E-B128-4AEC-9E16-DF4B1FDDD249}
	EndGlobalSection
EndGlobal
